
Microsoft Visual Studio Solution File, Format Version 12.00
# Visual Studio Version 17
VisualStudioVersion = 17.4.33103.184
MinimumVisualStudioVersion = 10.0.40219.1
Project("{9A19103F-16F7-4668-BE54-9A1E7A4F7556}") = "ExampleDependencyProject6.0", "ExampleDependencyProject6.0\ExampleDependencyProject6.0.csproj", "{3FA981C5-6843-4A2A-9F8B-D9C1FDFA9197}"
EndProject
Project("{F184B08F-C81C-45F6-A57F-5ABD9991F28F}") = "ExampleDependencyProjectNet4Dot8VisualBasic", "..\ExampleDependencyProjectNet4Dot8VisualBasic\ExampleDependencyProjectNet4Dot8VisualBasic\ExampleDependencyProjectNet4Dot8VisualBasic.vbproj", "{1046D3A6-007B-441B-888A-2F476D09AB07}"
EndProject
Global
	GlobalSection(SolutionConfigurationPlatforms) = preSolution
		Debug|Any CPU = Debug|Any CPU
		Release|Any CPU = Release|Any CPU
	EndGlobalSection
	GlobalSection(ProjectConfigurationPlatforms) = postSolution
		{3FA981C5-6843-4A2A-9F8B-D9C1FDFA9197}.Debug|Any CPU.ActiveCfg = Debug|Any CPU
		{3FA981C5-6843-4A2A-9F8B-D9C1FDFA9197}.Debug|Any CPU.Build.0 = Debug|Any CPU
		{3FA981C5-6843-4A2A-9F8B-D9C1FDFA9197}.Release|Any CPU.ActiveCfg = Release|Any CPU
		{3FA981C5-6843-4A2A-9F8B-D9C1FDFA9197}.Release|Any CPU.Build.0 = Release|Any CPU
		{1046D3A6-007B-441B-888A-2F476D09AB07}.Debug|Any CPU.ActiveCfg = Debug|Any CPU
		{1046D3A6-007B-441B-888A-2F476D09AB07}.Debug|Any CPU.Build.0 = Debug|Any CPU
		{1046D3A6-007B-441B-888A-2F476D09AB07}.Release|Any CPU.ActiveCfg = Release|Any CPU
		{1046D3A6-007B-441B-888A-2F476D09AB07}.Release|Any CPU.Build.0 = Release|Any CPU
	EndGlobalSection
	GlobalSection(SolutionProperties) = preSolution
		HideSolutionNode = FALSE
	EndGlobalSection
	GlobalSection(ExtensibilityGlobals) = postSolution
		SolutionGuid = {14ED3F10-C1B6-4BC3-BC61-BC4BD9208090}
	EndGlobalSection
EndGlobal
